// !$*UTF8*$!
{
	archiveVersion = 1;
	classes = {
	};
	objectVersion = 55;
	objects = {

/* Begin PBXBuildFile section */
		F1CD6FE62864AAC8009402DA /* ProjetoTesteApp.swift in Sources */ = {isa = PBXBuildFile; fileRef = F1CD6FD62864AAC6009402DA /* ProjetoTesteApp.swift */; };
		F1CD6FE72864AAC8009402DA /* ProjetoTesteApp.swift in Sources */ = {isa = PBXBuildFile; fileRef = F1CD6FD62864AAC6009402DA /* ProjetoTesteApp.swift */; };
		F1CD6FE82864AAC8009402DA /* ContentView.swift in Sources */ = {isa = PBXBuildFile; fileRef = F1CD6FD72864AAC6009402DA /* ContentView.swift */; };
		F1CD6FE92864AAC8009402DA /* ContentView.swift in Sources */ = {isa = PBXBuildFile; fileRef = F1CD6FD72864AAC6009402DA /* ContentView.swift */; };
		F1CD6FEA2864AAC8009402DA /* Assets.xcassets in Resources */ = {isa = PBXBuildFile; fileRef = F1CD6FD82864AAC8009402DA /* Assets.xcassets */; };
		F1CD6FEB2864AAC8009402DA /* Assets.xcassets in Resources */ = {isa = PBXBuildFile; fileRef = F1CD6FD82864AAC8009402DA /* Assets.xcassets */; };
		F1CD6FF92864AEF3009402DA /* ARViewContainer.swift in Sources */ = {isa = PBXBuildFile; fileRef = F1CD6FF82864AEF3009402DA /* ARViewContainer.swift */; };
		F1CD6FFB2864B066009402DA /* SkeletonJoint.swift in Sources */ = {isa = PBXBuildFile; fileRef = F1CD6FFA2864B066009402DA /* SkeletonJoint.swift */; };
		F1CD6FFD2864B0B1009402DA /* SkeletonBone.swift in Sources */ = {isa = PBXBuildFile; fileRef = F1CD6FFC2864B0B1009402DA /* SkeletonBone.swift */; };
		F1CD6FFF2864B1D5009402DA /* Bones.swift in Sources */ = {isa = PBXBuildFile; fileRef = F1CD6FFE2864B1D5009402DA /* Bones.swift */; };
		F1CD70012864B86D009402DA /* BodySkeleton.swift in Sources */ = {isa = PBXBuildFile; fileRef = F1CD70002864B86D009402DA /* BodySkeleton.swift */; };
/* End PBXBuildFile section */

/* Begin PBXFileReference section */
		F1CD6FD62864AAC6009402DA /* ProjetoTesteApp.swift */ = {isa = PBXFileReference; lastKnownFileType = sourcecode.swift; path = ProjetoTesteApp.swift; sourceTree = "<group>"; };
		F1CD6FD72864AAC6009402DA /* ContentView.swift */ = {isa = PBXFileReference; lastKnownFileType = sourcecode.swift; path = ContentView.swift; sourceTree = "<group>"; };
		F1CD6FD82864AAC8009402DA /* Assets.xcassets */ = {isa = PBXFileReference; lastKnownFileType = folder.assetcatalog; path = Assets.xcassets; sourceTree = "<group>"; };
		F1CD6FDD2864AAC8009402DA /* ProjetoTeste.app */ = {isa = PBXFileReference; explicitFileType = wrapper.application; includeInIndex = 0; path = ProjetoTeste.app; sourceTree = BUILT_PRODUCTS_DIR; };
		F1CD6FE32864AAC8009402DA /* ProjetoTeste.app */ = {isa = PBXFileReference; explicitFileType = wrapper.application; includeInIndex = 0; path = ProjetoTeste.app; sourceTree = BUILT_PRODUCTS_DIR; };
		F1CD6FE52864AAC8009402DA /* macOS.entitlements */ = {isa = PBXFileReference; lastKnownFileType = text.plist.entitlements; path = macOS.entitlements; sourceTree = "<group>"; };
		F1CD6FF82864AEF3009402DA /* ARViewContainer.swift */ = {isa = PBXFileReference; lastKnownFileType = sourcecode.swift; path = ARViewContainer.swift; sourceTree = "<group>"; };
		F1CD6FFA2864B066009402DA /* SkeletonJoint.swift */ = {isa = PBXFileReference; lastKnownFileType = sourcecode.swift; path = SkeletonJoint.swift; sourceTree = "<group>"; };
		F1CD6FFC2864B0B1009402DA /* SkeletonBone.swift */ = {isa = PBXFileReference; lastKnownFileType = sourcecode.swift; path = SkeletonBone.swift; sourceTree = "<group>"; };
		F1CD6FFE2864B1D5009402DA /* Bones.swift */ = {isa = PBXFileReference; lastKnownFileType = sourcecode.swift; path = Bones.swift; sourceTree = "<group>"; };
		F1CD70002864B86D009402DA /* BodySkeleton.swift */ = {isa = PBXFileReference; lastKnownFileType = sourcecode.swift; path = BodySkeleton.swift; sourceTree = "<group>"; };
/* End PBXFileReference section */

/* Begin PBXFrameworksBuildPhase section */
		F1CD6FDA2864AAC8009402DA /* Frameworks */ = {
			isa = PBXFrameworksBuildPhase;
			buildActionMask = 2147483647;
			files = (
			);
			runOnlyForDeploymentPostprocessing = 0;
		};
		F1CD6FE02864AAC8009402DA /* Frameworks */ = {
			isa = PBXFrameworksBuildPhase;
			buildActionMask = 2147483647;
			files = (
			);
			runOnlyForDeploymentPostprocessing = 0;
		};
/* End PBXFrameworksBuildPhase section */

/* Begin PBXGroup section */
		F1CD6FD02864AAC6009402DA = {
			isa = PBXGroup;
			children = (
				F1CD6FD52864AAC6009402DA /* Shared */,
				F1CD6FE42864AAC8009402DA /* macOS */,
				F1CD6FDE2864AAC8009402DA /* Products */,
			);
			sourceTree = "<group>";
		};
		F1CD6FD52864AAC6009402DA /* Shared */ = {
			isa = PBXGroup;
			children = (
				F1CD6FD62864AAC6009402DA /* ProjetoTesteApp.swift */,
				F1CD6FD72864AAC6009402DA /* ContentView.swift */,
				F1CD6FF82864AEF3009402DA /* ARViewContainer.swift */,
				F1CD6FFA2864B066009402DA /* SkeletonJoint.swift */,
				F1CD6FFC2864B0B1009402DA /* SkeletonBone.swift */,
				F1CD6FFE2864B1D5009402DA /* Bones.swift */,
				F1CD70002864B86D009402DA /* BodySkeleton.swift */,
				F1CD6FD82864AAC8009402DA /* Assets.xcassets */,
			);
			path = Shared;
			sourceTree = "<group>";
		};
		F1CD6FDE2864AAC8009402DA /* Products */ = {
			isa = PBXGroup;
			children = (
				F1CD6FDD2864AAC8009402DA /* ProjetoTeste.app */,
				F1CD6FE32864AAC8009402DA /* ProjetoTeste.app */,
			);
			name = Products;
			sourceTree = "<group>";
		};
		F1CD6FE42864AAC8009402DA /* macOS */ = {
			isa = PBXGroup;
			children = (
				F1CD6FE52864AAC8009402DA /* macOS.entitlements */,
			);
			path = macOS;
			sourceTree = "<group>";
		};
/* End PBXGroup section */

/* Begin PBXNativeTarget section */
		F1CD6FDC2864AAC8009402DA /* ProjetoTeste (iOS) */ = {
			isa = PBXNativeTarget;
			buildConfigurationList = F1CD6FEE2864AAC8009402DA /* Build configuration list for PBXNativeTarget "ProjetoTeste (iOS)" */;
			buildPhases = (
				F1CD6FD92864AAC8009402DA /* Sources */,
				F1CD6FDA2864AAC8009402DA /* Frameworks */,
				F1CD6FDB2864AAC8009402DA /* Resources */,
			);
			buildRules = (
			);
			dependencies = (
			);
			name = "ProjetoTeste (iOS)";
			productName = "ProjetoTeste (iOS)";
			productReference = F1CD6FDD2864AAC8009402DA /* ProjetoTeste.app */;
			productType = "com.apple.product-type.application";
		};
		F1CD6FE22864AAC8009402DA /* ProjetoTeste (macOS) */ = {
			isa = PBXNativeTarget;
			buildConfigurationList = F1CD6FF12864AAC8009402DA /* Build configuration list for PBXNativeTarget "ProjetoTeste (macOS)" */;
			buildPhases = (
				F1CD6FDF2864AAC8009402DA /* Sources */,
				F1CD6FE02864AAC8009402DA /* Frameworks */,
				F1CD6FE12864AAC8009402DA /* Resources */,
			);
			buildRules = (
			);
			dependencies = (
			);
			name = "ProjetoTeste (macOS)";
			productName = "ProjetoTeste (macOS)";
			productReference = F1CD6FE32864AAC8009402DA /* ProjetoTeste.app */;
			productType = "com.apple.product-type.application";
		};
/* End PBXNativeTarget section */

/* Begin PBXProject section */
		F1CD6FD12864AAC6009402DA /* Project object */ = {
			isa = PBXProject;
			attributes = {
				BuildIndependentTargetsInParallel = 1;
				LastSwiftUpdateCheck = 1340;
				LastUpgradeCheck = 1340;
				TargetAttributes = {
					F1CD6FDC2864AAC8009402DA = {
						CreatedOnToolsVersion = 13.4.1;
					};
					F1CD6FE22864AAC8009402DA = {
						CreatedOnToolsVersion = 13.4.1;
					};
				};
			};
			buildConfigurationList = F1CD6FD42864AAC6009402DA /* Build configuration list for PBXProject "ProjetoTeste" */;
			compatibilityVersion = "Xcode 13.0";
			developmentRegion = en;
			hasScannedForEncodings = 0;
			knownRegions = (
				en,
				Base,
			);
			mainGroup = F1CD6FD02864AAC6009402DA;
			productRefGroup = F1CD6FDE2864AAC8009402DA /* Products */;
			projectDirPath = "";
			projectRoot = "";
			targets = (
				F1CD6FDC2864AAC8009402DA /* ProjetoTeste (iOS) */,
				F1CD6FE22864AAC8009402DA /* ProjetoTeste (macOS) */,
			);
		};
/* End PBXProject section */

/* Begin PBXResourcesBuildPhase section */
		F1CD6FDB2864AAC8009402DA /* Resources */ = {
			isa = PBXResourcesBuildPhase;
			buildActionMask = 2147483647;
			files = (
				F1CD6FEA2864AAC8009402DA /* Assets.xcassets in Resources */,
			);
			runOnlyForDeploymentPostprocessing = 0;
		};
		F1CD6FE12864AAC8009402DA /* Resources */ = {
			isa = PBXResourcesBuildPhase;
			buildActionMask = 2147483647;
			files = (
				F1CD6FEB2864AAC8009402DA /* Assets.xcassets in Resources */,
			);
			runOnlyForDeploymentPostprocessing = 0;
		};
/* End PBXResourcesBuildPhase section */

/* Begin PBXSourcesBuildPhase section */
		F1CD6FD92864AAC8009402DA /* Sources */ = {
			isa = PBXSourcesBuildPhase;
			buildActionMask = 2147483647;
			files = (
				F1CD70012864B86D009402DA /* BodySkeleton.swift in Sources */,
				F1CD6FE82864AAC8009402DA /* ContentView.swift in Sources */,
				F1CD6FFF2864B1D5009402DA /* Bones.swift in Sources */,
				F1CD6FFD2864B0B1009402DA /* SkeletonBone.swift in Sources */,
				F1CD6FE62864AAC8009402DA /* ProjetoTesteApp.swift in Sources */,
				F1CD6FF92864AEF3009402DA /* ARViewContainer.swift in Sources */,
				F1CD6FFB2864B066009402DA /* SkeletonJoint.swift in Sources */,
			);
			runOnlyForDeploymentPostprocessing = 0;
		};
		F1CD6FDF2864AAC8009402DA /* Sources */ = {
			isa = PBXSourcesBuildPhase;
			buildActionMask = 2147483647;
			files = (
				F1CD6FE92864AAC8009402DA /* ContentView.swift in Sources */,
				F1CD6FE72864AAC8009402DA /* ProjetoTesteApp.swift in Sources */,
			);
			runOnlyForDeploymentPostprocessing = 0;
		};
/* End PBXSourcesBuildPhase section */

/* Begin XCBuildConfiguration section */
		F1CD6FEC2864AAC8009402DA /* Debug */ = {
			isa = XCBuildConfiguration;
			buildSettings = {
				ALWAYS_SEARCH_USER_PATHS = NO;
				CLANG_ANALYZER_NONNULL = YES;
				CLANG_ANALYZER_NUMBER_OBJECT_CONVERSION = YES_AGGRESSIVE;
				CLANG_CXX_LANGUAGE_STANDARD = "gnu++17";
				CLANG_ENABLE_MODULES = YES;
				CLANG_ENABLE_OBJC_ARC = YES;
				CLANG_ENABLE_OBJC_WEAK = YES;
				CLANG_WARN_BLOCK_CAPTURE_AUTORELEASING = YES;
				CLANG_WARN_BOOL_CONVERSION = YES;
				CLANG_WARN_COMMA = YES;
				CLANG_WARN_CONSTANT_CONVERSION = YES;
				CLANG_WARN_DEPRECATED_OBJC_IMPLEMENTATIONS = YES;
				CLANG_WARN_DIRECT_OBJC_ISA_USAGE = YES_ERROR;
				CLANG_WARN_DOCUMENTATION_COMMENTS = YES;
				CLANG_WARN_EMPTY_BODY = YES;
				CLANG_WARN_ENUM_CONVERSION = YES;
				CLANG_WARN_INFINITE_RECURSION = YES;
				CLANG_WARN_INT_CONVERSION = YES;
				CLANG_WARN_NON_LITERAL_NULL_CONVERSION = YES;
				CLANG_WARN_OBJC_IMPLICIT_RETAIN_SELF = YES;
				CLANG_WARN_OBJC_LITERAL_CONVERSION = YES;
				CLANG_WARN_OBJC_ROOT_CLASS = YES_ERROR;
				CLANG_WARN_QUOTED_INCLUDE_IN_FRAMEWORK_HEADER = YES;
				CLANG_WARN_RANGE_LOOP_ANALYSIS = YES;
				CLANG_WARN_STRICT_PROTOTYPES = YES;
				CLANG_WARN_SUSPICIOUS_MOVE = YES;
				CLANG_WARN_UNGUARDED_AVAILABILITY = YES_AGGRESSIVE;
				CLANG_WARN_UNREACHABLE_CODE = YES;
				CLANG_WARN__DUPLICATE_METHOD_MATCH = YES;
				COPY_PHASE_STRIP = NO;
				DEBUG_INFORMATION_FORMAT = dwarf;
				ENABLE_STRICT_OBJC_MSGSEND = YES;
				ENABLE_TESTABILITY = YES;
				GCC_C_LANGUAGE_STANDARD = gnu11;
				GCC_DYNAMIC_NO_PIC = NO;
				GCC_NO_COMMON_BLOCKS = YES;
				GCC_OPTIMIZATION_LEVEL = 0;
				GCC_PREPROCESSOR_DEFINITIONS = (
					"DEBUG=1",
					"$(inherited)",
				);
				GCC_WARN_64_TO_32_BIT_CONVERSION = YES;
				GCC_WARN_ABOUT_RETURN_TYPE = YES_ERROR;
				GCC_WARN_UNDECLARED_SELECTOR = YES;
				GCC_WARN_UNINITIALIZED_AUTOS = YES_AGGRESSIVE;
				GCC_WARN_UNUSED_FUNCTION = YES;
				GCC_WARN_UNUSED_VARIABLE = YES;
				MTL_ENABLE_DEBUG_INFO = INCLUDE_SOURCE;
				MTL_FAST_MATH = YES;
				ONLY_ACTIVE_ARCH = YES;
				SWIFT_ACTIVE_COMPILATION_CONDITIONS = DEBUG;
				SWIFT_OPTIMIZATION_LEVEL = "-Onone";
			};
			name = Debug;
		};
		F1CD6FED2864AAC8009402DA /* Release */ = {
			isa = XCBuildConfiguration;
			buildSettings = {
				ALWAYS_SEARCH_USER_PATHS = NO;
				CLANG_ANALYZER_NONNULL = YES;
				CLANG_ANALYZER_NUMBER_OBJECT_CONVERSION = YES_AGGRESSIVE;
				CLANG_CXX_LANGUAGE_STANDARD = "gnu++17";
				CLANG_ENABLE_MODULES = YES;
				CLANG_ENABLE_OBJC_ARC = YES;
				CLANG_ENABLE_OBJC_WEAK = YES;
				CLANG_WARN_BLOCK_CAPTURE_AUTORELEASING = YES;
				CLANG_WARN_BOOL_CONVERSION = YES;
				CLANG_WARN_COMMA = YES;
				CLANG_WARN_CONSTANT_CONVERSION = YES;
				CLANG_WARN_DEPRECATED_OBJC_IMPLEMENTATIONS = YES;
				CLANG_WARN_DIRECT_OBJC_ISA_USAGE = YES_ERROR;
				CLANG_WARN_DOCUMENTATION_COMMENTS = YES;
				CLANG_WARN_EMPTY_BODY = YES;
				CLANG_WARN_ENUM_CONVERSION = YES;
				CLANG_WARN_INFINITE_RECURSION = YES;
				CLANG_WARN_INT_CONVERSION = YES;
				CLANG_WARN_NON_LITERAL_NULL_CONVERSION = YES;
				CLANG_WARN_OBJC_IMPLICIT_RETAIN_SELF = YES;
				CLANG_WARN_OBJC_LITERAL_CONVERSION = YES;
				CLANG_WARN_OBJC_ROOT_CLASS = YES_ERROR;
				CLANG_WARN_QUOTED_INCLUDE_IN_FRAMEWORK_HEADER = YES;
				CLANG_WARN_RANGE_LOOP_ANALYSIS = YES;
				CLANG_WARN_STRICT_PROTOTYPES = YES;
				CLANG_WARN_SUSPICIOUS_MOVE = YES;
				CLANG_WARN_UNGUARDED_AVAILABILITY = YES_AGGRESSIVE;
				CLANG_WARN_UNREACHABLE_CODE = YES;
				CLANG_WARN__DUPLICATE_METHOD_MATCH = YES;
				COPY_PHASE_STRIP = NO;
				DEBUG_INFORMATION_FORMAT = "dwarf-with-dsym";
				ENABLE_NS_ASSERTIONS = NO;
				ENABLE_STRICT_OBJC_MSGSEND = YES;
				GCC_C_LANGUAGE_STANDARD = gnu11;
				GCC_NO_COMMON_BLOCKS = YES;
				GCC_WARN_64_TO_32_BIT_CONVERSION = YES;
				GCC_WARN_ABOUT_RETURN_TYPE = YES_ERROR;
				GCC_WARN_UNDECLARED_SELECTOR = YES;
				GCC_WARN_UNINITIALIZED_AUTOS = YES_AGGRESSIVE;
				GCC_WARN_UNUSED_FUNCTION = YES;
				GCC_WARN_UNUSED_VARIABLE = YES;
				MTL_ENABLE_DEBUG_INFO = NO;
				MTL_FAST_MATH = YES;
				SWIFT_COMPILATION_MODE = wholemodule;
				SWIFT_OPTIMIZATION_LEVEL = "-O";
			};
			name = Release;
		};
		F1CD6FEF2864AAC8009402DA /* Debug */ = {
			isa = XCBuildConfiguration;
			buildSettings = {
				ASSETCATALOG_COMPILER_APPICON_NAME = AppIcon;
				ASSETCATALOG_COMPILER_GLOBAL_ACCENT_COLOR_NAME = AccentColor;
				CODE_SIGN_STYLE = Automatic;
				CURRENT_PROJECT_VERSION = 1;
				DEVELOPMENT_TEAM = LYZ4MHMERX;
				ENABLE_PREVIEWS = YES;
				GENERATE_INFOPLIST_FILE = YES;
				INFOPLIST_KEY_NSCameraUsageDescription = "This app needs acces to the camera to enable Augmented Reality";
				INFOPLIST_KEY_UIApplicationSceneManifest_Generation = YES;
				INFOPLIST_KEY_UIApplicationSupportsIndirectInputEvents = YES;
				INFOPLIST_KEY_UILaunchScreen_Generation = YES;
				INFOPLIST_KEY_UISupportedInterfaceOrientations_iPad = "UIInterfaceOrientationPortrait UIInterfaceOrientationPortraitUpsideDown UIInterfaceOrientationLandscapeLeft UIInterfaceOrientationLandscapeRight";
				INFOPLIST_KEY_UISupportedInterfaceOrientations_iPhone = "UIInterfaceOrientationPortrait UIInterfaceOrientationLandscapeLeft UIInterfaceOrientationLandscapeRight";
				IPHONEOS_DEPLOYMENT_TARGET = 15.5;
				LD_RUNPATH_SEARCH_PATHS = (
					"$(inherited)",
					"@executable_path/Frameworks",
				);
				MARKETING_VERSION = 1.0;
				PRODUCT_BUNDLE_IDENTIFIER = br.app.cubix.ProjetoTeste.ProjetoTestesss;
				PRODUCT_NAME = ProjetoTeste;
				SDKROOT = iphoneos;
				SWIFT_EMIT_LOC_STRINGS = YES;
				SWIFT_VERSION = 5.0;
				TARGETED_DEVICE_FAMILY = "1,2";
			};
			name = Debug;
		};
		F1CD6FF02864AAC8009402DA /* Release */ = {
			isa = XCBuildConfiguration;
			buildSettings = {
				ASSETCATALOG_COMPILER_APPICON_NAME = AppIcon;
				ASSETCATALOG_COMPILER_GLOBAL_ACCENT_COLOR_NAME = AccentColor;
				CODE_SIGN_STYLE = Automatic;
				CURRENT_PROJECT_VERSION = 1;
				DEVELOPMENT_TEAM = LYZ4MHMERX;
				ENABLE_PREVIEWS = YES;
				GENERATE_INFOPLIST_FILE = YES;
				INFOPLIST_KEY_NSCameraUsageDescription = "This app needs acces to the camera to enable Augmented Reality";
				INFOPLIST_KEY_UIApplicationSceneManifest_Generation = YES;
				INFOPLIST_KEY_UIApplicationSupportsIndirectInputEvents = YES;
				INFOPLIST_KEY_UILaunchScreen_Generation = YES;
				INFOPLIST_KEY_UISupportedInterfaceOrientations_iPad = "UIInterfaceOrientationPortrait UIInterfaceOrientationPortraitUpsideDown UIInterfaceOrientationLandscapeLeft UIInterfaceOrientationLandscapeRight";
				INFOPLIST_KEY_UISupportedInterfaceOrientations_iPhone = "UIInterfaceOrientationPortrait UIInterfaceOrientationLandscapeLeft UIInterfaceOrientationLandscapeRight";
				IPHONEOS_DEPLOYMENT_TARGET = 15.5;
				LD_RUNPATH_SEARCH_PATHS = (
					"$(inherited)",
					"@executable_path/Frameworks",
				);
				MARKETING_VERSION = 1.0;
				PRODUCT_BUNDLE_IDENTIFIER = br.app.cubix.ProjetoTeste.ProjetoTestess;
				PRODUCT_NAME = ProjetoTeste;
				SDKROOT = iphoneos;
				SWIFT_EMIT_LOC_STRINGS = YES;
				SWIFT_VERSION = 5.0;
				TARGETED_DEVICE_FAMILY = "1,2";
				VALIDATE_PRODUCT = YES;
			};
			name = Release;
		};
		F1CD6FF22864AAC8009402DA /* Debug */ = {
			isa = XCBuildConfiguration;
			buildSettings = {
				ASSETCATALOG_COMPILER_APPICON_NAME = AppIcon;
				ASSETCATALOG_COMPILER_GLOBAL_ACCENT_COLOR_NAME = AccentColor;
				CODE_SIGN_ENTITLEMENTS = macOS/macOS.entitlements;
				CODE_SIGN_STYLE = Automatic;
				COMBINE_HIDPI_IMAGES = YES;
				CURRENT_PROJECT_VERSION = 1;
				DEVELOPMENT_TEAM = 3J2X7Z3YM6;
				ENABLE_HARDENED_RUNTIME = YES;
				ENABLE_PREVIEWS = YES;
				GENERATE_INFOPLIST_FILE = YES;
				INFOPLIST_KEY_NSHumanReadableCopyright = "";
				LD_RUNPATH_SEARCH_PATHS = (
					"$(inherited)",
					"@executable_path/../Frameworks",
				);
				MACOSX_DEPLOYMENT_TARGET = 12.3;
				MARKETING_VERSION = 1.0;
				PRODUCT_BUNDLE_IDENTIFIER = br.app.cubix.ProjetoTeste.ProjetoTeste;
				PRODUCT_NAME = ProjetoTeste;
				SDKROOT = macosx;
				SWIFT_EMIT_LOC_STRINGS = YES;
				SWIFT_VERSION = 5.0;
			};
			name = Debug;
		};
		F1CD6FF32864AAC8009402DA /* Release */ = {
			isa = XCBuildConfiguration;
			buildSettings = {
				ASSETCATALOG_COMPILER_APPICON_NAME = AppIcon;
				ASSETCATALOG_COMPILER_GLOBAL_ACCENT_COLOR_NAME = AccentColor;
				CODE_SIGN_ENTITLEMENTS = macOS/macOS.entitlements;
				CODE_SIGN_STYLE = Automatic;
				COMBINE_HIDPI_IMAGES = YES;
				CURRENT_PROJECT_VERSION = 1;
				DEVELOPMENT_TEAM = 3J2X7Z3YM6;
				ENABLE_HARDENED_RUNTIME = YES;
				ENABLE_PREVIEWS = YES;
				GENERATE_INFOPLIST_FILE = YES;
				INFOPLIST_KEY_NSHumanReadableCopyright = "";
				LD_RUNPATH_SEARCH_PATHS = (
					"$(inherited)",
					"@executable_path/../Frameworks",
				);
				MACOSX_DEPLOYMENT_TARGET = 12.3;
				MARKETING_VERSION = 1.0;
				PRODUCT_BUNDLE_IDENTIFIER = br.app.cubix.ProjetoTeste.ProjetoTeste;
				PRODUCT_NAME = ProjetoTeste;
				SDKROOT = macosx;
				SWIFT_EMIT_LOC_STRINGS = YES;
				SWIFT_VERSION = 5.0;
			};
			name = Release;
		};
/* End XCBuildConfiguration section */

/* Begin XCConfigurationList section */
		F1CD6FD42864AAC6009402DA /* Build configuration list for PBXProject "ProjetoTeste" */ = {
			isa = XCConfigurationList;
			buildConfigurations = (
				F1CD6FEC2864AAC8009402DA /* Debug */,
				F1CD6FED2864AAC8009402DA /* Release */,
			);
			defaultConfigurationIsVisible = 0;
			defaultConfigurationName = Release;
		};
		F1CD6FEE2864AAC8009402DA /* Build configuration list for PBXNativeTarget "ProjetoTeste (iOS)" */ = {
			isa = XCConfigurationList;
			buildConfigurations = (
				F1CD6FEF2864AAC8009402DA /* Debug */,
				F1CD6FF02864AAC8009402DA /* Release */,
			);
			defaultConfigurationIsVisible = 0;
			defaultConfigurationName = Release;
		};
		F1CD6FF12864AAC8009402DA /* Build configuration list for PBXNativeTarget "ProjetoTeste (macOS)" */ = {
			isa = XCConfigurationList;
			buildConfigurations = (
				F1CD6FF22864AAC8009402DA /* Debug */,
				F1CD6FF32864AAC8009402DA /* Release */,
			);
			defaultConfigurationIsVisible = 0;
			defaultConfigurationName = Release;
		};
/* End XCConfigurationList section */
	};
	rootObject = F1CD6FD12864AAC6009402DA /* Project object */;
}
